
Microsoft Visual Studio Solution File, Format Version 12.00
# Visual Studio Version 16
VisualStudioVersion = 16.0.31019.35
MinimumVisualStudioVersion = 10.0.40219.1
Project("{FAE04EC0-301F-11D3-BF4B-00C04F79EFBC}") = "UTSAfida", "UTSAfida\UTSAfida.csproj", "{1312A1B6-6609-40A0-8D38-109512BF6B21}"
EndProject
Global
	GlobalSection(SolutionConfigurationPlatforms) = preSolution
		Debug|Any CPU = Debug|Any CPU
		Release|Any CPU = Release|Any CPU
	EndGlobalSection
	GlobalSection(ProjectConfigurationPlatforms) = postSolution
		{1312A1B6-6609-40A0-8D38-109512BF6B21}.Debug|Any CPU.ActiveCfg = Debug|Any CPU
		{1312A1B6-6609-40A0-8D38-109512BF6B21}.Debug|Any CPU.Build.0 = Debug|Any CPU
		{1312A1B6-6609-40A0-8D38-109512BF6B21}.Release|Any CPU.ActiveCfg = Release|Any CPU
		{1312A1B6-6609-40A0-8D38-109512BF6B21}.Release|Any CPU.Build.0 = Release|Any CPU
	EndGlobalSection
	GlobalSection(SolutionProperties) = preSolution
		HideSolutionNode = FALSE
	EndGlobalSection
	GlobalSection(ExtensibilityGlobals) = postSolution
		SolutionGuid = {784B3D98-0B05-4391-A2CB-0390884EFBEF}
	EndGlobalSection
EndGlobal
